{
  "nodes": {
    "astronvim": {
      "flake": false,
      "locked": {
        "lastModified": 1708524813,
        "narHash": "sha256-fUfh00iYhLJ89wdvtOLM5vAQkZGXanNboqkUWW6Y3Y4=",
        "owner": "AstroNvim",
        "repo": "AstroNvim",
        "rev": "e7483c864e67fed4d1737c3ba76fe9c50b50ad12",
        "type": "github"
      },
      "original": {
        "owner": "AstroNvim",
        "repo": "AstroNvim",
        "type": "github"
      }
    },
    "fenix": {
      "inputs": {
        "nixpkgs": [
          "nixpkgs"
        ],
        "rust-analyzer-src": "rust-analyzer-src"
      },
      "locked": {
        "lastModified": 1708582955,
        "narHash": "sha256-OOq0YCdOgCyMpr4TFPJVorU5I8k97G8AQ1mhnktp+ZA=",
        "owner": "nix-community",
        "repo": "fenix",
        "rev": "244b9af2d0180619adcca5d020d085341c0d28c9",
        "type": "github"
      },
      "original": {
        "owner": "nix-community",
        "repo": "fenix",
        "type": "github"
      }
    },
    "home-manager": {
      "inputs": {
        "nixpkgs": [
          "nixpkgs"
        ]
      },
      "locked": {
        "lastModified": 1708591310,
        "narHash": "sha256-8mQGVs8JccWTnORgoLOTh9zvf6Np+x2JzhIc+LDcJ9s=",
        "owner": "nix-community",
        "repo": "home-manager",
        "rev": "0e0e9669547e45ea6cca2de4044c1a384fd0fe55",
        "type": "github"
      },
      "original": {
        "owner": "nix-community",
        "repo": "home-manager",
        "type": "github"
      }
    },
    "nixpkgs": {
      "locked": {
        "lastModified": 1708475490,
        "narHash": "sha256-g1v0TsWBQPX97ziznfJdWhgMyMGtoBFs102xSYO4syU=",
        "owner": "NixOS",
        "repo": "nixpkgs",
        "rev": "0e74ca98a74bc7270d28838369593635a5db3260",
        "type": "github"
      },
      "original": {
        "owner": "NixOS",
        "ref": "nixos-unstable",
        "repo": "nixpkgs",
        "type": "github"
      }
    },
    "root": {
      "inputs": {
        "astronvim": "astronvim",
        "fenix": "fenix",
        "home-manager": "home-manager",
        "nixpkgs": "nixpkgs"
      }
    },
    "rust-analyzer-src": {
      "flake": false,
      "locked": {
        "lastModified": 1708459863,
        "narHash": "sha256-PzlnvPOv/1l2lSU0oj+gY+hq5MRqJNU3KWSO+RCwhgs=",
        "owner": "rust-lang",
        "repo": "rust-analyzer",
        "rev": "543d7e98dbcc0668528dbf3f5b32d752882baa33",
        "type": "github"
      },
      "original": {
        "owner": "rust-lang",
        "ref": "nightly",
        "repo": "rust-analyzer",
        "type": "github"
      }
    }
  },
  "root": "root",
  "version": 7
}
