{
  "nodes": {
    "fenix": {
      "inputs": {
        "nixpkgs": [
          "nixpkgs"
        ],
        "rust-analyzer-src": "rust-analyzer-src"
      },
      "locked": {
        "lastModified": 1768978556,
        "narHash": "sha256-h5SkhPWNbVtYKcjekbC3CweEVYrHTMGafG2GxobMqjQ=",
        "owner": "nix-community",
        "repo": "fenix",
        "rev": "281b2a7b0f12cf2f8d3bb745a547704319df90b7",
        "type": "github"
      },
      "original": {
        "owner": "nix-community",
        "repo": "fenix",
        "type": "github"
      }
    },
    "home-manager": {
      "inputs": {
        "nixpkgs": [
          "nixpkgs"
        ]
      },
      "locked": {
        "lastModified": 1768984719,
        "narHash": "sha256-O6nXCW9FN39qw204e5Nl3qgaxKFcSvdpx0bULqfwyTA=",
        "owner": "nix-community",
        "repo": "home-manager",
        "rev": "d6e3935ec6e43c8f54cd0132276c82d951e1453e",
        "type": "github"
      },
      "original": {
        "owner": "nix-community",
        "repo": "home-manager",
        "type": "github"
      }
    },
    "nixpkgs": {
      "locked": {
        "lastModified": 1768305791,
        "narHash": "sha256-AIdl6WAn9aymeaH/NvBj0H9qM+XuAuYbGMZaP0zcXAQ=",
        "owner": "NixOS",
        "repo": "nixpkgs",
        "rev": "1412caf7bf9e660f2f962917c14b1ea1c3bc695e",
        "type": "github"
      },
      "original": {
        "owner": "NixOS",
        "ref": "nixos-unstable",
        "repo": "nixpkgs",
        "type": "github"
      }
    },
    "root": {
      "inputs": {
        "fenix": "fenix",
        "home-manager": "home-manager",
        "nixpkgs": "nixpkgs"
      }
    },
    "rust-analyzer-src": {
      "flake": false,
      "locked": {
        "lastModified": 1768928173,
        "narHash": "sha256-LfO/dGF+oN3OPdLqACVEJYxxmWzl8DhAvYaZtpWhIJs=",
        "owner": "rust-lang",
        "repo": "rust-analyzer",
        "rev": "74afb0452140bc2e2d2dabe8192c788f56770e57",
        "type": "github"
      },
      "original": {
        "owner": "rust-lang",
        "ref": "nightly",
        "repo": "rust-analyzer",
        "type": "github"
      }
    }
  },
  "root": "root",
  "version": 7
}
